// !$*UTF8*$!
{
	archiveVersion = 1;
	classes = {
	};
	objectVersion = 46;
	objects = {

/* Begin PBXBuildFile section */
		042D14931DC66B9B00D624D4 /* PGAccountManager.m in Sources */ = {isa = PBXBuildFile; fileRef = 042D14921DC66B9B00D624D4 /* PGAccountManager.m */; };
		042D14961DC67A7F00D624D4 /* GoogleService-Info.plist in Resources */ = {isa = PBXBuildFile; fileRef = 042D14951DC67A7F00D624D4 /* GoogleService-Info.plist */; };
		043A5BE51DEC81E200A800C1 /* LoginViewController.m in Sources */ = {isa = PBXBuildFile; fileRef = 043A5BE41DEC81E200A800C1 /* LoginViewController.m */; };
		043A5BE81DEC822A00A800C1 /* SignupViewController.m in Sources */ = {isa = PBXBuildFile; fileRef = 043A5BE71DEC822A00A800C1 /* SignupViewController.m */; };
		043A5BEC1DEC885B00A800C1 /* Sys.m in Sources */ = {isa = PBXBuildFile; fileRef = 043A5BEB1DEC885B00A800C1 /* Sys.m */; };
		04573FB51DEC97370035CEB1 /* InitialVCTest.m in Sources */ = {isa = PBXBuildFile; fileRef = 04573FB41DEC97370035CEB1 /* InitialVCTest.m */; };
		045D50DC1DEC6E7E0069C465 /* LoginViewModel.m in Sources */ = {isa = PBXBuildFile; fileRef = 045D50DB1DEC6E7E0069C465 /* LoginViewModel.m */; };
		0471A84B1DB21FA000B2A064 /* main.m in Sources */ = {isa = PBXBuildFile; fileRef = 0471A84A1DB21FA000B2A064 /* main.m */; };
		0471A84E1DB21FA000B2A064 /* AppDelegate.m in Sources */ = {isa = PBXBuildFile; fileRef = 0471A84D1DB21FA000B2A064 /* AppDelegate.m */; };
		0471A8511DB21FA000B2A064 /* UserInitialViewController.m in Sources */ = {isa = PBXBuildFile; fileRef = 0471A8501DB21FA000B2A064 /* UserInitialViewController.m */; };
		0471A8541DB21FA000B2A064 /* Main.storyboard in Resources */ = {isa = PBXBuildFile; fileRef = 0471A8521DB21FA000B2A064 /* Main.storyboard */; };
		0471A8571DB21FA000B2A064 /* iOSPlayGround.xcdatamodeld in Sources */ = {isa = PBXBuildFile; fileRef = 0471A8551DB21FA000B2A064 /* iOSPlayGround.xcdatamodeld */; };
		0471A8591DB21FA000B2A064 /* Assets.xcassets in Resources */ = {isa = PBXBuildFile; fileRef = 0471A8581DB21FA000B2A064 /* Assets.xcassets */; };
		0471A85C1DB21FA000B2A064 /* LaunchScreen.storyboard in Resources */ = {isa = PBXBuildFile; fileRef = 0471A85A1DB21FA000B2A064 /* LaunchScreen.storyboard */; };
		0471A8671DB21FA000B2A064 /* iOSPlayGroundTests.m in Sources */ = {isa = PBXBuildFile; fileRef = 0471A8661DB21FA000B2A064 /* iOSPlayGroundTests.m */; };
		0471A8721DB21FA000B2A064 /* iOSPlayGroundUITests.m in Sources */ = {isa = PBXBuildFile; fileRef = 0471A8711DB21FA000B2A064 /* iOSPlayGroundUITests.m */; };
		472B7DF570E37B4138417F32 /* Pods_iOSPlayGroundTests.framework in Frameworks */ = {isa = PBXBuildFile; fileRef = 25EFA7A0CCDB13C33A21EA19 /* Pods_iOSPlayGroundTests.framework */; };
		A008065771E6BCE03801D40B /* Pods_iOSPlayGroundUITests.framework in Frameworks */ = {isa = PBXBuildFile; fileRef = E41191907CE6260469363892 /* Pods_iOSPlayGroundUITests.framework */; };
		D0F746E5AF0C53F740D52387 /* Pods_iOSPlayGround.framework in Frameworks */ = {isa = PBXBuildFile; fileRef = 09984EFA164DE0BA6CE45FEA /* Pods_iOSPlayGround.framework */; };
/* End PBXBuildFile section */

/* Begin PBXContainerItemProxy section */
		0471A8631DB21FA000B2A064 /* PBXContainerItemProxy */ = {
			isa = PBXContainerItemProxy;
			containerPortal = 0471A83E1DB21FA000B2A064 /* Project object */;
			proxyType = 1;
			remoteGlobalIDString = 0471A8451DB21FA000B2A064;
			remoteInfo = iOSPlayGround;
		};
		0471A86E1DB21FA000B2A064 /* PBXContainerItemProxy */ = {
			isa = PBXContainerItemProxy;
			containerPortal = 0471A83E1DB21FA000B2A064 /* Project object */;
			proxyType = 1;
			remoteGlobalIDString = 0471A8451DB21FA000B2A064;
			remoteInfo = iOSPlayGround;
		};
/* End PBXContainerItemProxy section */

/* Begin PBXFileReference section */
		042D14911DC66B9B00D624D4 /* PGAccountManager.h */ = {isa = PBXFileReference; fileEncoding = 4; lastKnownFileType = sourcecode.c.h; path = PGAccountManager.h; sourceTree = "<group>"; };
		042D14921DC66B9B00D624D4 /* PGAccountManager.m */ = {isa = PBXFileReference; fileEncoding = 4; lastKnownFileType = sourcecode.c.objc; path = PGAccountManager.m; sourceTree = "<group>"; };
		042D14951DC67A7F00D624D4 /* GoogleService-Info.plist */ = {isa = PBXFileReference; fileEncoding = 4; lastKnownFileType = text.plist.xml; name = "GoogleService-Info.plist"; path = "../../../GoogleService-Info.plist"; sourceTree = "<group>"; };
		043A5BE31DEC81E200A800C1 /* LoginViewController.h */ = {isa = PBXFileReference; fileEncoding = 4; lastKnownFileType = sourcecode.c.h; path = LoginViewController.h; sourceTree = "<group>"; };
		043A5BE41DEC81E200A800C1 /* LoginViewController.m */ = {isa = PBXFileReference; fileEncoding = 4; lastKnownFileType = sourcecode.c.objc; path = LoginViewController.m; sourceTree = "<group>"; };
		043A5BE61DEC822A00A800C1 /* SignupViewController.h */ = {isa = PBXFileReference; fileEncoding = 4; lastKnownFileType = sourcecode.c.h; path = SignupViewController.h; sourceTree = "<group>"; };
		043A5BE71DEC822A00A800C1 /* SignupViewController.m */ = {isa = PBXFileReference; fileEncoding = 4; lastKnownFileType = sourcecode.c.objc; path = SignupViewController.m; sourceTree = "<group>"; };
		043A5BEA1DEC885B00A800C1 /* Sys.h */ = {isa = PBXFileReference; fileEncoding = 4; lastKnownFileType = sourcecode.c.h; path = Sys.h; sourceTree = "<group>"; };
		043A5BEB1DEC885B00A800C1 /* Sys.m */ = {isa = PBXFileReference; fileEncoding = 4; lastKnownFileType = sourcecode.c.objc; path = Sys.m; sourceTree = "<group>"; };
		04573FB41DEC97370035CEB1 /* InitialVCTest.m */ = {isa = PBXFileReference; fileEncoding = 4; lastKnownFileType = sourcecode.c.objc; path = InitialVCTest.m; sourceTree = "<group>"; };
		04573FB61DEC979E0035CEB1 /* XCTest.framework */ = {isa = PBXFileReference; lastKnownFileType = wrapper.framework; name = XCTest.framework; path = Platforms/iPhoneOS.platform/Developer/Library/Frameworks/XCTest.framework; sourceTree = DEVELOPER_DIR; };
		045D50DA1DEC6E7E0069C465 /* LoginViewModel.h */ = {isa = PBXFileReference; fileEncoding = 4; lastKnownFileType = sourcecode.c.h; path = LoginViewModel.h; sourceTree = "<group>"; };
		045D50DB1DEC6E7E0069C465 /* LoginViewModel.m */ = {isa = PBXFileReference; fileEncoding = 4; lastKnownFileType = sourcecode.c.objc; path = LoginViewModel.m; sourceTree = "<group>"; };
		0471A8461DB21FA000B2A064 /* iOSPlayGround.app */ = {isa = PBXFileReference; explicitFileType = wrapper.application; includeInIndex = 0; path = iOSPlayGround.app; sourceTree = BUILT_PRODUCTS_DIR; };
		0471A84A1DB21FA000B2A064 /* main.m */ = {isa = PBXFileReference; lastKnownFileType = sourcecode.c.objc; path = main.m; sourceTree = "<group>"; };
		0471A84C1DB21FA000B2A064 /* AppDelegate.h */ = {isa = PBXFileReference; lastKnownFileType = sourcecode.c.h; path = AppDelegate.h; sourceTree = "<group>"; };
		0471A84D1DB21FA000B2A064 /* AppDelegate.m */ = {isa = PBXFileReference; lastKnownFileType = sourcecode.c.objc; path = AppDelegate.m; sourceTree = "<group>"; };
		0471A84F1DB21FA000B2A064 /* UserInitialViewController.h */ = {isa = PBXFileReference; lastKnownFileType = sourcecode.c.h; path = UserInitialViewController.h; sourceTree = "<group>"; };
		0471A8501DB21FA000B2A064 /* UserInitialViewController.m */ = {isa = PBXFileReference; lastKnownFileType = sourcecode.c.objc; path = UserInitialViewController.m; sourceTree = "<group>"; };
		0471A8531DB21FA000B2A064 /* Base */ = {isa = PBXFileReference; lastKnownFileType = file.storyboard; name = Base; path = Base.lproj/Main.storyboard; sourceTree = "<group>"; };
		0471A8561DB21FA000B2A064 /* iOSPlayGround.xcdatamodel */ = {isa = PBXFileReference; lastKnownFileType = wrapper.xcdatamodel; path = iOSPlayGround.xcdatamodel; sourceTree = "<group>"; };
		0471A8581DB21FA000B2A064 /* Assets.xcassets */ = {isa = PBXFileReference; lastKnownFileType = folder.assetcatalog; path = Assets.xcassets; sourceTree = "<group>"; };
		0471A85B1DB21FA000B2A064 /* Base */ = {isa = PBXFileReference; lastKnownFileType = file.storyboard; name = Base; path = Base.lproj/LaunchScreen.storyboard; sourceTree = "<group>"; };
		0471A85D1DB21FA000B2A064 /* Info.plist */ = {isa = PBXFileReference; lastKnownFileType = text.plist.xml; path = Info.plist; sourceTree = "<group>"; };
		0471A8621DB21FA000B2A064 /* iOSPlayGroundTests.xctest */ = {isa = PBXFileReference; explicitFileType = wrapper.cfbundle; includeInIndex = 0; path = iOSPlayGroundTests.xctest; sourceTree = BUILT_PRODUCTS_DIR; };
		0471A8661DB21FA000B2A064 /* iOSPlayGroundTests.m */ = {isa = PBXFileReference; lastKnownFileType = sourcecode.c.objc; path = iOSPlayGroundTests.m; sourceTree = "<group>"; };
		0471A8681DB21FA000B2A064 /* Info.plist */ = {isa = PBXFileReference; lastKnownFileType = text.plist.xml; path = Info.plist; sourceTree = "<group>"; };
		0471A86D1DB21FA000B2A064 /* iOSPlayGroundUITests.xctest */ = {isa = PBXFileReference; explicitFileType = wrapper.cfbundle; includeInIndex = 0; path = iOSPlayGroundUITests.xctest; sourceTree = BUILT_PRODUCTS_DIR; };
		0471A8711DB21FA000B2A064 /* iOSPlayGroundUITests.m */ = {isa = PBXFileReference; lastKnownFileType = sourcecode.c.objc; path = iOSPlayGroundUITests.m; sourceTree = "<group>"; };
		0471A8731DB21FA000B2A064 /* Info.plist */ = {isa = PBXFileReference; lastKnownFileType = text.plist.xml; path = Info.plist; sourceTree = "<group>"; };
		09984EFA164DE0BA6CE45FEA /* Pods_iOSPlayGround.framework */ = {isa = PBXFileReference; explicitFileType = wrapper.framework; includeInIndex = 0; path = Pods_iOSPlayGround.framework; sourceTree = BUILT_PRODUCTS_DIR; };
		1595E755D5270993780C7CDB /* Pods-iOSPlayGroundUITests.debug.xcconfig */ = {isa = PBXFileReference; includeInIndex = 1; lastKnownFileType = text.xcconfig; name = "Pods-iOSPlayGroundUITests.debug.xcconfig"; path = "Pods/Target Support Files/Pods-iOSPlayGroundUITests/Pods-iOSPlayGroundUITests.debug.xcconfig"; sourceTree = "<group>"; };
		25EFA7A0CCDB13C33A21EA19 /* Pods_iOSPlayGroundTests.framework */ = {isa = PBXFileReference; explicitFileType = wrapper.framework; includeInIndex = 0; path = Pods_iOSPlayGroundTests.framework; sourceTree = BUILT_PRODUCTS_DIR; };
		2D9AB2CA96EC77FB27ACD97F /* Pods-iOSPlayGroundTests.release.xcconfig */ = {isa = PBXFileReference; includeInIndex = 1; lastKnownFileType = text.xcconfig; name = "Pods-iOSPlayGroundTests.release.xcconfig"; path = "Pods/Target Support Files/Pods-iOSPlayGroundTests/Pods-iOSPlayGroundTests.release.xcconfig"; sourceTree = "<group>"; };
		55D5A8E53B8B5006F70092CC /* Pods-iOSPlayGroundTests.debug.xcconfig */ = {isa = PBXFileReference; includeInIndex = 1; lastKnownFileType = text.xcconfig; name = "Pods-iOSPlayGroundTests.debug.xcconfig"; path = "Pods/Target Support Files/Pods-iOSPlayGroundTests/Pods-iOSPlayGroundTests.debug.xcconfig"; sourceTree = "<group>"; };
		6FAA723876E10F0723B75F5B /* Pods-iOSPlayGround.debug.xcconfig */ = {isa = PBXFileReference; includeInIndex = 1; lastKnownFileType = text.xcconfig; name = "Pods-iOSPlayGround.debug.xcconfig"; path = "Pods/Target Support Files/Pods-iOSPlayGround/Pods-iOSPlayGround.debug.xcconfig"; sourceTree = "<group>"; };
		D86E3BEA18104C11A117AD8B /* Pods-iOSPlayGroundUITests.release.xcconfig */ = {isa = PBXFileReference; includeInIndex = 1; lastKnownFileType = text.xcconfig; name = "Pods-iOSPlayGroundUITests.release.xcconfig"; path = "Pods/Target Support Files/Pods-iOSPlayGroundUITests/Pods-iOSPlayGroundUITests.release.xcconfig"; sourceTree = "<group>"; };
		E41191907CE6260469363892 /* Pods_iOSPlayGroundUITests.framework */ = {isa = PBXFileReference; explicitFileType = wrapper.framework; includeInIndex = 0; path = Pods_iOSPlayGroundUITests.framework; sourceTree = BUILT_PRODUCTS_DIR; };
		EA9DCC4C3B9881BFCD71C953 /* Pods-iOSPlayGround.release.xcconfig */ = {isa = PBXFileReference; includeInIndex = 1; lastKnownFileType = text.xcconfig; name = "Pods-iOSPlayGround.release.xcconfig"; path = "Pods/Target Support Files/Pods-iOSPlayGround/Pods-iOSPlayGround.release.xcconfig"; sourceTree = "<group>"; };
/* End PBXFileReference section */

/* Begin PBXFrameworksBuildPhase section */
		0471A8431DB21FA000B2A064 /* Frameworks */ = {
			isa = PBXFrameworksBuildPhase;
			buildActionMask = 2147483647;
			files = (
				D0F746E5AF0C53F740D52387 /* Pods_iOSPlayGround.framework in Frameworks */,
			);
			runOnlyForDeploymentPostprocessing = 0;
		};
		0471A85F1DB21FA000B2A064 /* Frameworks */ = {
			isa = PBXFrameworksBuildPhase;
			buildActionMask = 2147483647;
			files = (
				472B7DF570E37B4138417F32 /* Pods_iOSPlayGroundTests.framework in Frameworks */,
			);
			runOnlyForDeploymentPostprocessing = 0;
		};
		0471A86A1DB21FA000B2A064 /* Frameworks */ = {
			isa = PBXFrameworksBuildPhase;
			buildActionMask = 2147483647;
			files = (
				A008065771E6BCE03801D40B /* Pods_iOSPlayGroundUITests.framework in Frameworks */,
			);
			runOnlyForDeploymentPostprocessing = 0;
		};
/* End PBXFrameworksBuildPhase section */

/* Begin PBXGroup section */
		042D14901DC66B7300D624D4 /* src */ = {
			isa = PBXGroup;
			children = (
				0471A84C1DB21FA000B2A064 /* AppDelegate.h */,
				0471A84D1DB21FA000B2A064 /* AppDelegate.m */,
				043A5BE91DEC883F00A800C1 /* Environment */,
				045D50D61DEC6C290069C465 /* ViewModel */,
				043A5BE21DEC81B300A800C1 /* ViewControllers */,
				042D14941DC66BA000D624D4 /* Account */,
			);
			name = src;
			sourceTree = "<group>";
		};
		042D14941DC66BA000D624D4 /* Account */ = {
			isa = PBXGroup;
			children = (
				042D14911DC66B9B00D624D4 /* PGAccountManager.h */,
				042D14921DC66B9B00D624D4 /* PGAccountManager.m */,
			);
			name = Account;
			sourceTree = "<group>";
		};
		043A5BE21DEC81B300A800C1 /* ViewControllers */ = {
			isa = PBXGroup;
			children = (
				043A5BE31DEC81E200A800C1 /* LoginViewController.h */,
				043A5BE41DEC81E200A800C1 /* LoginViewController.m */,
				043A5BE61DEC822A00A800C1 /* SignupViewController.h */,
				043A5BE71DEC822A00A800C1 /* SignupViewController.m */,
				0471A84F1DB21FA000B2A064 /* UserInitialViewController.h */,
				0471A8501DB21FA000B2A064 /* UserInitialViewController.m */,
			);
			name = ViewControllers;
			sourceTree = "<group>";
		};
		043A5BE91DEC883F00A800C1 /* Environment */ = {
			isa = PBXGroup;
			children = (
				043A5BEA1DEC885B00A800C1 /* Sys.h */,
				043A5BEB1DEC885B00A800C1 /* Sys.m */,
			);
			name = Environment;
			sourceTree = "<group>";
		};
		045D50D61DEC6C290069C465 /* ViewModel */ = {
			isa = PBXGroup;
			children = (
				045D50DA1DEC6E7E0069C465 /* LoginViewModel.h */,
				045D50DB1DEC6E7E0069C465 /* LoginViewModel.m */,
			);
			name = ViewModel;
			sourceTree = "<group>";
		};
		0471A83D1DB21FA000B2A064 = {
			isa = PBXGroup;
			children = (
				0471A8481DB21FA000B2A064 /* iOSPlayGround */,
				0471A8651DB21FA000B2A064 /* iOSPlayGroundTests */,
				0471A8701DB21FA000B2A064 /* iOSPlayGroundUITests */,
				0471A8471DB21FA000B2A064 /* Products */,
				79DA00749277037C502D0E7B /* Pods */,
				F69A490DF7F30858A356992E /* Frameworks */,
			);
			sourceTree = "<group>";
		};
		0471A8471DB21FA000B2A064 /* Products */ = {
			isa = PBXGroup;
			children = (
				0471A8461DB21FA000B2A064 /* iOSPlayGround.app */,
				0471A8621DB21FA000B2A064 /* iOSPlayGroundTests.xctest */,
				0471A86D1DB21FA000B2A064 /* iOSPlayGroundUITests.xctest */,
			);
			name = Products;
			sourceTree = "<group>";
		};
		0471A8481DB21FA000B2A064 /* iOSPlayGround */ = {
			isa = PBXGroup;
			children = (
				042D14901DC66B7300D624D4 /* src */,
				0471A8581DB21FA000B2A064 /* Assets.xcassets */,
				0471A8521DB21FA000B2A064 /* Main.storyboard */,
				0471A85A1DB21FA000B2A064 /* LaunchScreen.storyboard */,
				0471A8551DB21FA000B2A064 /* iOSPlayGround.xcdatamodeld */,
				0471A8491DB21FA000B2A064 /* Supporting Files */,
			);
			path = iOSPlayGround;
			sourceTree = "<group>";
		};
		0471A8491DB21FA000B2A064 /* Supporting Files */ = {
			isa = PBXGroup;
			children = (
				042D14951DC67A7F00D624D4 /* GoogleService-Info.plist */,
				0471A85D1DB21FA000B2A064 /* Info.plist */,
				0471A84A1DB21FA000B2A064 /* main.m */,
			);
			name = "Supporting Files";
			sourceTree = "<group>";
		};
		0471A8651DB21FA000B2A064 /* iOSPlayGroundTests */ = {
			isa = PBXGroup;
			children = (
				0471A8661DB21FA000B2A064 /* iOSPlayGroundTests.m */,
				0471A8681DB21FA000B2A064 /* Info.plist */,
			);
			path = iOSPlayGroundTests;
			sourceTree = "<group>";
		};
		0471A8701DB21FA000B2A064 /* iOSPlayGroundUITests */ = {
			isa = PBXGroup;
			children = (
				0471A8711DB21FA000B2A064 /* iOSPlayGroundUITests.m */,
				0471A8731DB21FA000B2A064 /* Info.plist */,
				04573FB41DEC97370035CEB1 /* InitialVCTest.m */,
			);
			path = iOSPlayGroundUITests;
			sourceTree = "<group>";
		};
		79DA00749277037C502D0E7B /* Pods */ = {
			isa = PBXGroup;
			children = (
				6FAA723876E10F0723B75F5B /* Pods-iOSPlayGround.debug.xcconfig */,
				EA9DCC4C3B9881BFCD71C953 /* Pods-iOSPlayGround.release.xcconfig */,
				55D5A8E53B8B5006F70092CC /* Pods-iOSPlayGroundTests.debug.xcconfig */,
				2D9AB2CA96EC77FB27ACD97F /* Pods-iOSPlayGroundTests.release.xcconfig */,
				1595E755D5270993780C7CDB /* Pods-iOSPlayGroundUITests.debug.xcconfig */,
				D86E3BEA18104C11A117AD8B /* Pods-iOSPlayGroundUITests.release.xcconfig */,
			);
			name = Pods;
			sourceTree = "<group>";
		};
		F69A490DF7F30858A356992E /* Frameworks */ = {
			isa = PBXGroup;
			children = (
				04573FB61DEC979E0035CEB1 /* XCTest.framework */,
				09984EFA164DE0BA6CE45FEA /* Pods_iOSPlayGround.framework */,
				25EFA7A0CCDB13C33A21EA19 /* Pods_iOSPlayGroundTests.framework */,
				E41191907CE6260469363892 /* Pods_iOSPlayGroundUITests.framework */,
			);
			name = Frameworks;
			sourceTree = "<group>";
		};
/* End PBXGroup section */

/* Begin PBXNativeTarget section */
		0471A8451DB21FA000B2A064 /* iOSPlayGround */ = {
			isa = PBXNativeTarget;
			buildConfigurationList = 0471A8761DB21FA000B2A064 /* Build configuration list for PBXNativeTarget "iOSPlayGround" */;
			buildPhases = (
				481109835BE9B8DE85523CBB /* [CP] Check Pods Manifest.lock */,
				0471A8421DB21FA000B2A064 /* Sources */,
				0471A8431DB21FA000B2A064 /* Frameworks */,
				0471A8441DB21FA000B2A064 /* Resources */,
				712C40A4025385A77CE6F7DC /* [CP] Embed Pods Frameworks */,
				134C16E6BFDC74C654156193 /* [CP] Copy Pods Resources */,
			);
			buildRules = (
			);
			dependencies = (
			);
			name = iOSPlayGround;
			productName = iOSPlayGround;
			productReference = 0471A8461DB21FA000B2A064 /* iOSPlayGround.app */;
			productType = "com.apple.product-type.application";
		};
		0471A8611DB21FA000B2A064 /* iOSPlayGroundTests */ = {
			isa = PBXNativeTarget;
			buildConfigurationList = 0471A8791DB21FA000B2A064 /* Build configuration list for PBXNativeTarget "iOSPlayGroundTests" */;
			buildPhases = (
				9EA240567045AA9126226248 /* [CP] Check Pods Manifest.lock */,
				0471A85E1DB21FA000B2A064 /* Sources */,
				0471A85F1DB21FA000B2A064 /* Frameworks */,
				0471A8601DB21FA000B2A064 /* Resources */,
				D37581A2F3DBF0330BA467B5 /* [CP] Embed Pods Frameworks */,
				0E55DCDCD2F5BEB2A72758AA /* [CP] Copy Pods Resources */,
			);
			buildRules = (
			);
			dependencies = (
				0471A8641DB21FA000B2A064 /* PBXTargetDependency */,
			);
			name = iOSPlayGroundTests;
			productName = iOSPlayGroundTests;
			productReference = 0471A8621DB21FA000B2A064 /* iOSPlayGroundTests.xctest */;
			productType = "com.apple.product-type.bundle.unit-test";
		};
		0471A86C1DB21FA000B2A064 /* iOSPlayGroundUITests */ = {
			isa = PBXNativeTarget;
			buildConfigurationList = 0471A87C1DB21FA000B2A064 /* Build configuration list for PBXNativeTarget "iOSPlayGroundUITests" */;
			buildPhases = (
				36EB5499F9089A528E0232A8 /* [CP] Check Pods Manifest.lock */,
				0471A8691DB21FA000B2A064 /* Sources */,
				0471A86A1DB21FA000B2A064 /* Frameworks */,
				0471A86B1DB21FA000B2A064 /* Resources */,
				23B552B1D02CADE37583DE6A /* [CP] Embed Pods Frameworks */,
				39DAE80A6DCDB288FE8EE8F9 /* [CP] Copy Pods Resources */,
			);
			buildRules = (
			);
			dependencies = (
				0471A86F1DB21FA000B2A064 /* PBXTargetDependency */,
			);
			name = iOSPlayGroundUITests;
			productName = iOSPlayGroundUITests;
			productReference = 0471A86D1DB21FA000B2A064 /* iOSPlayGroundUITests.xctest */;
			productType = "com.apple.product-type.bundle.ui-testing";
		};
/* End PBXNativeTarget section */

/* Begin PBXProject section */
		0471A83E1DB21FA000B2A064 /* Project object */ = {
			isa = PBXProject;
			attributes = {
				LastUpgradeCheck = 0800;
				ORGANIZATIONNAME = mac;
				TargetAttributes = {
					0471A8451DB21FA000B2A064 = {
						CreatedOnToolsVersion = 8.0;
						DevelopmentTeam = YEGT88E7HE;
						ProvisioningStyle = Automatic;
					};
					0471A8611DB21FA000B2A064 = {
						CreatedOnToolsVersion = 8.0;
						ProvisioningStyle = Automatic;
						TestTargetID = 0471A8451DB21FA000B2A064;
					};
					0471A86C1DB21FA000B2A064 = {
						CreatedOnToolsVersion = 8.0;
						ProvisioningStyle = Automatic;
						TestTargetID = 0471A8451DB21FA000B2A064;
					};
				};
			};
			buildConfigurationList = 0471A8411DB21FA000B2A064 /* Build configuration list for PBXProject "iOSPlayGround" */;
			compatibilityVersion = "Xcode 3.2";
			developmentRegion = English;
			hasScannedForEncodings = 0;
			knownRegions = (
				en,
				Base,
			);
			mainGroup = 0471A83D1DB21FA000B2A064;
			productRefGroup = 0471A8471DB21FA000B2A064 /* Products */;
			projectDirPath = "";
			projectRoot = "";
			targets = (
				0471A8451DB21FA000B2A064 /* iOSPlayGround */,
				0471A8611DB21FA000B2A064 /* iOSPlayGroundTests */,
				0471A86C1DB21FA000B2A064 /* iOSPlayGroundUITests */,
			);
		};
/* End PBXProject section */

/* Begin PBXResourcesBuildPhase section */
		0471A8441DB21FA000B2A064 /* Resources */ = {
			isa = PBXResourcesBuildPhase;
			buildActionMask = 2147483647;
			files = (
				0471A85C1DB21FA000B2A064 /* LaunchScreen.storyboard in Resources */,
				042D14961DC67A7F00D624D4 /* GoogleService-Info.plist in Resources */,
				0471A8591DB21FA000B2A064 /* Assets.xcassets in Resources */,
				0471A8541DB21FA000B2A064 /* Main.storyboard in Resources */,
			);
			runOnlyForDeploymentPostprocessing = 0;
		};
		0471A8601DB21FA000B2A064 /* Resources */ = {
			isa = PBXResourcesBuildPhase;
			buildActionMask = 2147483647;
			files = (
			);
			runOnlyForDeploymentPostprocessing = 0;
		};
		0471A86B1DB21FA000B2A064 /* Resources */ = {
			isa = PBXResourcesBuildPhase;
			buildActionMask = 2147483647;
			files = (
			);
			runOnlyForDeploymentPostprocessing = 0;
		};
/* End PBXResourcesBuildPhase section */

/* Begin PBXShellScriptBuildPhase section */
		0E55DCDCD2F5BEB2A72758AA /* [CP] Copy Pods Resources */ = {
			isa = PBXShellScriptBuildPhase;
			buildActionMask = 2147483647;
			files = (
			);
			inputPaths = (
			);
			name = "[CP] Copy Pods Resources";
			outputPaths = (
			);
			runOnlyForDeploymentPostprocessing = 0;
			shellPath = /bin/sh;
			shellScript = "\"${SRCROOT}/Pods/Target Support Files/Pods-iOSPlayGroundTests/Pods-iOSPlayGroundTests-resources.sh\"\n";
			showEnvVarsInLog = 0;
		};
		134C16E6BFDC74C654156193 /* [CP] Copy Pods Resources */ = {
			isa = PBXShellScriptBuildPhase;
			buildActionMask = 2147483647;
			files = (
			);
			inputPaths = (
			);
			name = "[CP] Copy Pods Resources";
			outputPaths = (
			);
			runOnlyForDeploymentPostprocessing = 0;
			shellPath = /bin/sh;
			shellScript = "\"${SRCROOT}/Pods/Target Support Files/Pods-iOSPlayGround/Pods-iOSPlayGround-resources.sh\"\n";
			showEnvVarsInLog = 0;
		};
		23B552B1D02CADE37583DE6A /* [CP] Embed Pods Frameworks */ = {
			isa = PBXShellScriptBuildPhase;
			buildActionMask = 2147483647;
			files = (
			);
			inputPaths = (
			);
			name = "[CP] Embed Pods Frameworks";
			outputPaths = (
			);
			runOnlyForDeploymentPostprocessing = 0;
			shellPath = /bin/sh;
			shellScript = "\"${SRCROOT}/Pods/Target Support Files/Pods-iOSPlayGroundUITests/Pods-iOSPlayGroundUITests-frameworks.sh\"\n";
			showEnvVarsInLog = 0;
		};
		36EB5499F9089A528E0232A8 /* [CP] Check Pods Manifest.lock */ = {
			isa = PBXShellScriptBuildPhase;
			buildActionMask = 2147483647;
			files = (
			);
			inputPaths = (
			);
			name = "[CP] Check Pods Manifest.lock";
			outputPaths = (
			);
			runOnlyForDeploymentPostprocessing = 0;
			shellPath = /bin/sh;
			shellScript = "diff \"${PODS_ROOT}/../Podfile.lock\" \"${PODS_ROOT}/Manifest.lock\" > /dev/null\nif [ $? != 0 ] ; then\n    # print error to STDERR\n    echo \"error: The sandbox is not in sync with the Podfile.lock. Run 'pod install' or update your CocoaPods installation.\" >&2\n    exit 1\nfi\n";
			showEnvVarsInLog = 0;
		};
		39DAE80A6DCDB288FE8EE8F9 /* [CP] Copy Pods Resources */ = {
			isa = PBXShellScriptBuildPhase;
			buildActionMask = 2147483647;
			files = (
			);
			inputPaths = (
			);
			name = "[CP] Copy Pods Resources";
			outputPaths = (
			);
			runOnlyForDeploymentPostprocessing = 0;
			shellPath = /bin/sh;
			shellScript = "\"${SRCROOT}/Pods/Target Support Files/Pods-iOSPlayGroundUITests/Pods-iOSPlayGroundUITests-resources.sh\"\n";
			showEnvVarsInLog = 0;
		};
		481109835BE9B8DE85523CBB /* [CP] Check Pods Manifest.lock */ = {
			isa = PBXShellScriptBuildPhase;
			buildActionMask = 2147483647;
			files = (
			);
			inputPaths = (
			);
			name = "[CP] Check Pods Manifest.lock";
			outputPaths = (
			);
			runOnlyForDeploymentPostprocessing = 0;
			shellPath = /bin/sh;
			shellScript = "diff \"${PODS_ROOT}/../Podfile.lock\" \"${PODS_ROOT}/Manifest.lock\" > /dev/null\nif [ $? != 0 ] ; then\n    # print error to STDERR\n    echo \"error: The sandbox is not in sync with the Podfile.lock. Run 'pod install' or update your CocoaPods installation.\" >&2\n    exit 1\nfi\n";
			showEnvVarsInLog = 0;
		};
		712C40A4025385A77CE6F7DC /* [CP] Embed Pods Frameworks */ = {
			isa = PBXShellScriptBuildPhase;
			buildActionMask = 2147483647;
			files = (
			);
			inputPaths = (
			);
			name = "[CP] Embed Pods Frameworks";
			outputPaths = (
			);
			runOnlyForDeploymentPostprocessing = 0;
			shellPath = /bin/sh;
			shellScript = "\"${SRCROOT}/Pods/Target Support Files/Pods-iOSPlayGround/Pods-iOSPlayGround-frameworks.sh\"\n";
			showEnvVarsInLog = 0;
		};
		9EA240567045AA9126226248 /* [CP] Check Pods Manifest.lock */ = {
			isa = PBXShellScriptBuildPhase;
			buildActionMask = 2147483647;
			files = (
			);
			inputPaths = (
			);
			name = "[CP] Check Pods Manifest.lock";
			outputPaths = (
			);
			runOnlyForDeploymentPostprocessing = 0;
			shellPath = /bin/sh;
			shellScript = "diff \"${PODS_ROOT}/../Podfile.lock\" \"${PODS_ROOT}/Manifest.lock\" > /dev/null\nif [ $? != 0 ] ; then\n    # print error to STDERR\n    echo \"error: The sandbox is not in sync with the Podfile.lock. Run 'pod install' or update your CocoaPods installation.\" >&2\n    exit 1\nfi\n";
			showEnvVarsInLog = 0;
		};
		D37581A2F3DBF0330BA467B5 /* [CP] Embed Pods Frameworks */ = {
			isa = PBXShellScriptBuildPhase;
			buildActionMask = 2147483647;
			files = (
			);
			inputPaths = (
			);
			name = "[CP] Embed Pods Frameworks";
			outputPaths = (
			);
			runOnlyForDeploymentPostprocessing = 0;
			shellPath = /bin/sh;
			shellScript = "\"${SRCROOT}/Pods/Target Support Files/Pods-iOSPlayGroundTests/Pods-iOSPlayGroundTests-frameworks.sh\"\n";
			showEnvVarsInLog = 0;
		};
/* End PBXShellScriptBuildPhase section */

/* Begin PBXSourcesBuildPhase section */
		0471A8421DB21FA000B2A064 /* Sources */ = {
			isa = PBXSourcesBuildPhase;
			buildActionMask = 2147483647;
			files = (
				043A5BE51DEC81E200A800C1 /* LoginViewController.m in Sources */,
				043A5BEC1DEC885B00A800C1 /* Sys.m in Sources */,
				0471A8511DB21FA000B2A064 /* UserInitialViewController.m in Sources */,
				0471A84E1DB21FA000B2A064 /* AppDelegate.m in Sources */,
				043A5BE81DEC822A00A800C1 /* SignupViewController.m in Sources */,
				045D50DC1DEC6E7E0069C465 /* LoginViewModel.m in Sources */,
				0471A8571DB21FA000B2A064 /* iOSPlayGround.xcdatamodeld in Sources */,
				0471A84B1DB21FA000B2A064 /* main.m in Sources */,
				042D14931DC66B9B00D624D4 /* PGAccountManager.m in Sources */,
			);
			runOnlyForDeploymentPostprocessing = 0;
		};
		0471A85E1DB21FA000B2A064 /* Sources */ = {
			isa = PBXSourcesBuildPhase;
			buildActionMask = 2147483647;
			files = (
				0471A8671DB21FA000B2A064 /* iOSPlayGroundTests.m in Sources */,
			);
			runOnlyForDeploymentPostprocessing = 0;
		};
		0471A8691DB21FA000B2A064 /* Sources */ = {
			isa = PBXSourcesBuildPhase;
			buildActionMask = 2147483647;
			files = (
				0471A8721DB21FA000B2A064 /* iOSPlayGroundUITests.m in Sources */,
				04573FB51DEC97370035CEB1 /* InitialVCTest.m in Sources */,
			);
			runOnlyForDeploymentPostprocessing = 0;
		};
/* End PBXSourcesBuildPhase section */

/* Begin PBXTargetDependency section */
		0471A8641DB21FA000B2A064 /* PBXTargetDependency */ = {
			isa = PBXTargetDependency;
			target = 0471A8451DB21FA000B2A064 /* iOSPlayGround */;
			targetProxy = 0471A8631DB21FA000B2A064 /* PBXContainerItemProxy */;
		};
		0471A86F1DB21FA000B2A064 /* PBXTargetDependency */ = {
			isa = PBXTargetDependency;
			target = 0471A8451DB21FA000B2A064 /* iOSPlayGround */;
			targetProxy = 0471A86E1DB21FA000B2A064 /* PBXContainerItemProxy */;
		};
/* End PBXTargetDependency section */

/* Begin PBXVariantGroup section */
		0471A8521DB21FA000B2A064 /* Main.storyboard */ = {
			isa = PBXVariantGroup;
			children = (
				0471A8531DB21FA000B2A064 /* Base */,
			);
			name = Main.storyboard;
			sourceTree = "<group>";
		};
		0471A85A1DB21FA000B2A064 /* LaunchScreen.storyboard */ = {
			isa = PBXVariantGroup;
			children = (
				0471A85B1DB21FA000B2A064 /* Base */,
			);
			name = LaunchScreen.storyboard;
			sourceTree = "<group>";
		};
/* End PBXVariantGroup section */

/* Begin XCBuildConfiguration section */
		0471A8741DB21FA000B2A064 /* Debug */ = {
			isa = XCBuildConfiguration;
			buildSettings = {
				ALWAYS_SEARCH_USER_PATHS = NO;
				CLANG_ANALYZER_NONNULL = YES;
				CLANG_CXX_LANGUAGE_STANDARD = "gnu++0x";
				CLANG_CXX_LIBRARY = "libc++";
				CLANG_ENABLE_MODULES = YES;
				CLANG_ENABLE_OBJC_ARC = YES;
				CLANG_WARN_BOOL_CONVERSION = YES;
				CLANG_WARN_CONSTANT_CONVERSION = YES;
				CLANG_WARN_DIRECT_OBJC_ISA_USAGE = YES_ERROR;
				CLANG_WARN_DOCUMENTATION_COMMENTS = YES;
				CLANG_WARN_EMPTY_BODY = YES;
				CLANG_WARN_ENUM_CONVERSION = YES;
				CLANG_WARN_INFINITE_RECURSION = YES;
				CLANG_WARN_INT_CONVERSION = YES;
				CLANG_WARN_OBJC_ROOT_CLASS = YES_ERROR;
				CLANG_WARN_SUSPICIOUS_MOVE = YES;
				CLANG_WARN_SUSPICIOUS_MOVES = YES;
				CLANG_WARN_UNREACHABLE_CODE = YES;
				CLANG_WARN__DUPLICATE_METHOD_MATCH = YES;
				"CODE_SIGN_IDENTITY[sdk=iphoneos*]" = "iPhone Developer";
				COPY_PHASE_STRIP = NO;
				DEBUG_INFORMATION_FORMAT = dwarf;
				ENABLE_STRICT_OBJC_MSGSEND = YES;
				ENABLE_TESTABILITY = YES;
				GCC_C_LANGUAGE_STANDARD = gnu99;
				GCC_DYNAMIC_NO_PIC = NO;
				GCC_NO_COMMON_BLOCKS = YES;
				GCC_OPTIMIZATION_LEVEL = 0;
				GCC_PREPROCESSOR_DEFINITIONS = (
					"DEBUG=1",
					"$(inherited)",
				);
				GCC_WARN_64_TO_32_BIT_CONVERSION = YES;
				GCC_WARN_ABOUT_RETURN_TYPE = YES_ERROR;
				GCC_WARN_UNDECLARED_SELECTOR = YES;
				GCC_WARN_UNINITIALIZED_AUTOS = YES_AGGRESSIVE;
				GCC_WARN_UNUSED_FUNCTION = YES;
				GCC_WARN_UNUSED_VARIABLE = YES;
				IPHONEOS_DEPLOYMENT_TARGET = 10.0;
				MTL_ENABLE_DEBUG_INFO = YES;
				ONLY_ACTIVE_ARCH = YES;
				SDKROOT = iphoneos;
			};
			name = Debug;
		};
		0471A8751DB21FA000B2A064 /* Release */ = {
			isa = XCBuildConfiguration;
			buildSettings = {
				ALWAYS_SEARCH_USER_PATHS = NO;
				CLANG_ANALYZER_NONNULL = YES;
				CLANG_CXX_LANGUAGE_STANDARD = "gnu++0x";
				CLANG_CXX_LIBRARY = "libc++";
				CLANG_ENABLE_MODULES = YES;
				CLANG_ENABLE_OBJC_ARC = YES;
				CLANG_WARN_BOOL_CONVERSION = YES;
				CLANG_WARN_CONSTANT_CONVERSION = YES;
				CLANG_WARN_DIRECT_OBJC_ISA_USAGE = YES_ERROR;
				CLANG_WARN_DOCUMENTATION_COMMENTS = YES;
				CLANG_WARN_EMPTY_BODY = YES;
				CLANG_WARN_ENUM_CONVERSION = YES;
				CLANG_WARN_INFINITE_RECURSION = YES;
				CLANG_WARN_INT_CONVERSION = YES;
				CLANG_WARN_OBJC_ROOT_CLASS = YES_ERROR;
				CLANG_WARN_SUSPICIOUS_MOVE = YES;
				CLANG_WARN_SUSPICIOUS_MOVES = YES;
				CLANG_WARN_UNREACHABLE_CODE = YES;
				CLANG_WARN__DUPLICATE_METHOD_MATCH = YES;
				"CODE_SIGN_IDENTITY[sdk=iphoneos*]" = "iPhone Developer";
				COPY_PHASE_STRIP = NO;
				DEBUG_INFORMATION_FORMAT = "dwarf-with-dsym";
				ENABLE_NS_ASSERTIONS = NO;
				ENABLE_STRICT_OBJC_MSGSEND = YES;
				GCC_C_LANGUAGE_STANDARD = gnu99;
				GCC_NO_COMMON_BLOCKS = YES;
				GCC_WARN_64_TO_32_BIT_CONVERSION = YES;
				GCC_WARN_ABOUT_RETURN_TYPE = YES_ERROR;
				GCC_WARN_UNDECLARED_SELECTOR = YES;
				GCC_WARN_UNINITIALIZED_AUTOS = YES_AGGRESSIVE;
				GCC_WARN_UNUSED_FUNCTION = YES;
				GCC_WARN_UNUSED_VARIABLE = YES;
				IPHONEOS_DEPLOYMENT_TARGET = 10.0;
				MTL_ENABLE_DEBUG_INFO = NO;
				SDKROOT = iphoneos;
				VALIDATE_PRODUCT = YES;
			};
			name = Release;
		};
		0471A8771DB21FA000B2A064 /* Debug */ = {
			isa = XCBuildConfiguration;
			baseConfigurationReference = 6FAA723876E10F0723B75F5B /* Pods-iOSPlayGround.debug.xcconfig */;
			buildSettings = {
				ASSETCATALOG_COMPILER_APPICON_NAME = AppIcon;
				DEVELOPMENT_TEAM = YEGT88E7HE;
				INFOPLIST_FILE = iOSPlayGround/Info.plist;
				IPHONEOS_DEPLOYMENT_TARGET = 9.0;
				LD_RUNPATH_SEARCH_PATHS = "$(inherited) @executable_path/Frameworks";
				PRODUCT_BUNDLE_IDENTIFIER = com.sw.iOSPlayGround;
				PRODUCT_NAME = "$(TARGET_NAME)";
			};
			name = Debug;
		};
		0471A8781DB21FA000B2A064 /* Release */ = {
			isa = XCBuildConfiguration;
			baseConfigurationReference = EA9DCC4C3B9881BFCD71C953 /* Pods-iOSPlayGround.release.xcconfig */;
			buildSettings = {
				ASSETCATALOG_COMPILER_APPICON_NAME = AppIcon;
				DEVELOPMENT_TEAM = YEGT88E7HE;
				INFOPLIST_FILE = iOSPlayGround/Info.plist;
				IPHONEOS_DEPLOYMENT_TARGET = 9.0;
				LD_RUNPATH_SEARCH_PATHS = "$(inherited) @executable_path/Frameworks";
				PRODUCT_BUNDLE_IDENTIFIER = com.sw.iOSPlayGround;
				PRODUCT_NAME = "$(TARGET_NAME)";
			};
			name = Release;
		};
		0471A87A1DB21FA000B2A064 /* Debug */ = {
			isa = XCBuildConfiguration;
			baseConfigurationReference = 55D5A8E53B8B5006F70092CC /* Pods-iOSPlayGroundTests.debug.xcconfig */;
			buildSettings = {
				BUNDLE_LOADER = "$(TEST_HOST)";
				INFOPLIST_FILE = iOSPlayGroundTests/Info.plist;
				LD_RUNPATH_SEARCH_PATHS = "$(inherited) @executable_path/Frameworks @loader_path/Frameworks";
				PRODUCT_BUNDLE_IDENTIFIER = com.sw.iOSPlayGroundTests;
				PRODUCT_NAME = "$(TARGET_NAME)";
				TEST_HOST = "$(BUILT_PRODUCTS_DIR)/iOSPlayGround.app/iOSPlayGround";
			};
			name = Debug;
		};
		0471A87B1DB21FA000B2A064 /* Release */ = {
			isa = XCBuildConfiguration;
			baseConfigurationReference = 2D9AB2CA96EC77FB27ACD97F /* Pods-iOSPlayGroundTests.release.xcconfig */;
			buildSettings = {
				BUNDLE_LOADER = "$(TEST_HOST)";
				INFOPLIST_FILE = iOSPlayGroundTests/Info.plist;
				LD_RUNPATH_SEARCH_PATHS = "$(inherited) @executable_path/Frameworks @loader_path/Frameworks";
				PRODUCT_BUNDLE_IDENTIFIER = com.sw.iOSPlayGroundTests;
				PRODUCT_NAME = "$(TARGET_NAME)";
				TEST_HOST = "$(BUILT_PRODUCTS_DIR)/iOSPlayGround.app/iOSPlayGround";
			};
			name = Release;
		};
		0471A87D1DB21FA000B2A064 /* Debug */ = {
			isa = XCBuildConfiguration;
			baseConfigurationReference = 1595E755D5270993780C7CDB /* Pods-iOSPlayGroundUITests.debug.xcconfig */;
			buildSettings = {
				INFOPLIST_FILE = iOSPlayGroundUITests/Info.plist;
				LD_RUNPATH_SEARCH_PATHS = "$(inherited) @executable_path/Frameworks @loader_path/Frameworks";
				PRODUCT_BUNDLE_IDENTIFIER = com.sw.iOSPlayGroundUITests;
				PRODUCT_NAME = "$(TARGET_NAME)";
				TEST_TARGET_NAME = iOSPlayGround;
			};
			name = Debug;
		};
		0471A87E1DB21FA000B2A064 /* Release */ = {
			isa = XCBuildConfiguration;
			baseConfigurationReference = D86E3BEA18104C11A117AD8B /* Pods-iOSPlayGroundUITests.release.xcconfig */;
			buildSettings = {
				INFOPLIST_FILE = iOSPlayGroundUITests/Info.plist;
				LD_RUNPATH_SEARCH_PATHS = "$(inherited) @executable_path/Frameworks @loader_path/Frameworks";
				PRODUCT_BUNDLE_IDENTIFIER = com.sw.iOSPlayGroundUITests;
				PRODUCT_NAME = "$(TARGET_NAME)";
				TEST_TARGET_NAME = iOSPlayGround;
			};
			name = Release;
		};
/* End XCBuildConfiguration section */

/* Begin XCConfigurationList section */
		0471A8411DB21FA000B2A064 /* Build configuration list for PBXProject "iOSPlayGround" */ = {
			isa = XCConfigurationList;
			buildConfigurations = (
				0471A8741DB21FA000B2A064 /* Debug */,
				0471A8751DB21FA000B2A064 /* Release */,
			);
			defaultConfigurationIsVisible = 0;
			defaultConfigurationName = Release;
		};
		0471A8761DB21FA000B2A064 /* Build configuration list for PBXNativeTarget "iOSPlayGround" */ = {
			isa = XCConfigurationList;
			buildConfigurations = (
				0471A8771DB21FA000B2A064 /* Debug */,
				0471A8781DB21FA000B2A064 /* Release */,
			);
			defaultConfigurationIsVisible = 0;
			defaultConfigurationName = Release;
		};
		0471A8791DB21FA000B2A064 /* Build configuration list for PBXNativeTarget "iOSPlayGroundTests" */ = {
			isa = XCConfigurationList;
			buildConfigurations = (
				0471A87A1DB21FA000B2A064 /* Debug */,
				0471A87B1DB21FA000B2A064 /* Release */,
			);
			defaultConfigurationIsVisible = 0;
			defaultConfigurationName = Release;
		};
		0471A87C1DB21FA000B2A064 /* Build configuration list for PBXNativeTarget "iOSPlayGroundUITests" */ = {
			isa = XCConfigurationList;
			buildConfigurations = (
				0471A87D1DB21FA000B2A064 /* Debug */,
				0471A87E1DB21FA000B2A064 /* Release */,
			);
			defaultConfigurationIsVisible = 0;
			defaultConfigurationName = Release;
		};
/* End XCConfigurationList section */

/* Begin XCVersionGroup section */
		0471A8551DB21FA000B2A064 /* iOSPlayGround.xcdatamodeld */ = {
			isa = XCVersionGroup;
			children = (
				0471A8561DB21FA000B2A064 /* iOSPlayGround.xcdatamodel */,
			);
			currentVersion = 0471A8561DB21FA000B2A064 /* iOSPlayGround.xcdatamodel */;
			path = iOSPlayGround.xcdatamodeld;
			sourceTree = "<group>";
			versionGroupType = wrapper.xcdatamodel;
		};
/* End XCVersionGroup section */
	};
	rootObject = 0471A83E1DB21FA000B2A064 /* Project object */;
}
